lockfileVersion: '6.0'

settings:
  autoInstallPeers: true
  excludeLinksFromLockfile: false

devDependencies:
  surrealdb.js:
    specifier: ^0.8.3
    version: 0.8.3
  typescript:
    specifier: ^5.1.6
    version: 5.1.6
  zod:
    specifier: ^3.21.4
    version: 3.21.4

packages:

  /surrealdb.js@0.8.3:
    resolution: {integrity: sha512-EgZ4QNxGI2kI0d5ix1Tn8QJ53TyeBE936c0MjQqWBEpd3hlEYm7KIWLryDbLgzeUflGYZa3S6Vw7KEO9Qdqj2w==}
    dependencies:
      unws: 0.2.4(ws@8.13.0)
      ws: 8.13.0
    transitivePeerDependencies:
      - bufferutil
      - utf-8-validate
    dev: true

  /typescript@5.1.6:
    resolution: {integrity: sha512-zaWCozRZ6DLEWAWFrVDz1H6FVXzUSfTy5FUMWsQlU8Ym5JP9eO4xkTIROFCQvhQf61z6O/G6ugw3SgAnvvm+HA==}
    engines: {node: '>=14.17'}
    hasBin: true
    dev: true

  /unws@0.2.4(ws@8.13.0):
    resolution: {integrity: sha512-/N1ajiqrSp0A/26/LBg7r10fOcPtGXCqJRJ61sijUFoGZMr6ESWGYn7i0cwr7fR7eEECY5HsitqtjGHDZLAu2w==}
    engines: {node: '>=16.14.0'}
    peerDependencies:
      ws: '*'
    dependencies:
      ws: 8.13.0
    dev: true

  /ws@8.13.0:
    resolution: {integrity: sha512-x9vcZYTrFPC7aSIbj7sRCYo7L/Xb8Iy+pW0ng0wt2vCJv7M9HOMy0UoN3rr+IFC7hb7vXoqS+P9ktyLLLhO+LA==}
    engines: {node: '>=10.0.0'}
    peerDependencies:
      bufferutil: ^4.0.1
      utf-8-validate: '>=5.0.2'
    peerDependenciesMeta:
      bufferutil:
        optional: true
      utf-8-validate:
        optional: true
    dev: true

  /zod@3.21.4:
    resolution: {integrity: sha512-m46AKbrzKVzOzs/DZgVnG5H55N1sv1M8qZU3A8RIKbs3mrACDNeIOeilDymVb2HdmP8uwshOCF4uJ8uM9rCqJw==}
    dev: true
